
Microsoft Visual Studio Solution File, Format Version 12.00
# Visual Studio Version 17
VisualStudioVersion = 17.4.33213.308
MinimumVisualStudioVersion = 10.0.40219.1
Project("{FAE04EC0-301F-11D3-BF4B-00C04F79EFBC}") = "BackEnd", "BackEnd.csproj", "{DB9A0193-05F2-4C43-B0DF-6324A796F2EE}"
EndProject
Project("{FAE04EC0-301F-11D3-BF4B-00C04F79EFBC}") = "apiRest", "..\apiRest\apiRest.csproj", "{8C763999-53AD-4046-BFC0-4D2F2B2AC200}"
EndProject
Global
	GlobalSection(SolutionConfigurationPlatforms) = preSolution
		Debug|Any CPU = Debug|Any CPU
		Release|Any CPU = Release|Any CPU
	EndGlobalSection
	GlobalSection(ProjectConfigurationPlatforms) = postSolution
		{DB9A0193-05F2-4C43-B0DF-6324A796F2EE}.Debug|Any CPU.ActiveCfg = Debug|Any CPU
		{DB9A0193-05F2-4C43-B0DF-6324A796F2EE}.Debug|Any CPU.Build.0 = Debug|Any CPU
		{DB9A0193-05F2-4C43-B0DF-6324A796F2EE}.Release|Any CPU.ActiveCfg = Release|Any CPU
		{DB9A0193-05F2-4C43-B0DF-6324A796F2EE}.Release|Any CPU.Build.0 = Release|Any CPU
		{8C763999-53AD-4046-BFC0-4D2F2B2AC200}.Debug|Any CPU.ActiveCfg = Debug|Any CPU
		{8C763999-53AD-4046-BFC0-4D2F2B2AC200}.Debug|Any CPU.Build.0 = Debug|Any CPU
		{8C763999-53AD-4046-BFC0-4D2F2B2AC200}.Release|Any CPU.ActiveCfg = Release|Any CPU
		{8C763999-53AD-4046-BFC0-4D2F2B2AC200}.Release|Any CPU.Build.0 = Release|Any CPU
	EndGlobalSection
	GlobalSection(SolutionProperties) = preSolution
		HideSolutionNode = FALSE
	EndGlobalSection
	GlobalSection(ExtensibilityGlobals) = postSolution
		SolutionGuid = {C570365B-0054-4759-BFA2-4C985B9CB409}
	EndGlobalSection
EndGlobal
